{
  "name": "set-coins",
  "version": "1.0.0",
  "lockfileVersion": 2,
  "requires": true,
  "packages": {
    "": {
      "name": "set-coins",
      "version": "1.0.0",
      "license": "ISC",
      "dependencies": {
        "@stajs/savefile": "file:../../packages/savefile"
      }
    },
    "../../packages/savefile": {
      "name": "@stajs/savefile",
      "version": "0.0.1",
      "license": "MIT"
    },
    "node_modules/@stajs/savefile": {
      "resolved": "../../packages/savefile",
      "link": true
    }
  },
  "dependencies": {
    "@stajs/savefile": {
      "version": "file:../../packages/savefile"
    }
  }
}
